
Microsoft Visual Studio Solution File, Format Version 12.00
# Visual Studio Version 17
VisualStudioVersion = 17.6.33712.159
MinimumVisualStudioVersion = 10.0.40219.1
Project("{8BC9CEB8-8B4A-11D0-8D11-00A0C91BC942}") = "MySQL GUI", "MFCDataBaseInterFace\MFCDataBaseInterFace.vcxproj", "{C25AF803-EB40-4081-AFB0-27BF2C478842}"
EndProject
Global
	GlobalSection(SolutionConfigurationPlatforms) = preSolution
		Custom|x64 = Custom|x64
		Custom|x86 = Custom|x86
		Debug|x64 = Debug|x64
		Debug|x86 = Debug|x86
		Release|x64 = Release|x64
		Release|x86 = Release|x86
	EndGlobalSection
	GlobalSection(ProjectConfigurationPlatforms) = postSolution
		{C25AF803-EB40-4081-AFB0-27BF2C478842}.Custom|x64.ActiveCfg = Custom|x64
		{C25AF803-EB40-4081-AFB0-27BF2C478842}.Custom|x64.Build.0 = Custom|x64
		{C25AF803-EB40-4081-AFB0-27BF2C478842}.Custom|x86.ActiveCfg = Custom|Win32
		{C25AF803-EB40-4081-AFB0-27BF2C478842}.Custom|x86.Build.0 = Custom|Win32
		{C25AF803-EB40-4081-AFB0-27BF2C478842}.Debug|x64.ActiveCfg = Debug|x64
		{C25AF803-EB40-4081-AFB0-27BF2C478842}.Debug|x64.Build.0 = Debug|x64
		{C25AF803-EB40-4081-AFB0-27BF2C478842}.Debug|x86.ActiveCfg = Debug|Win32
		{C25AF803-EB40-4081-AFB0-27BF2C478842}.Debug|x86.Build.0 = Debug|Win32
		{C25AF803-EB40-4081-AFB0-27BF2C478842}.Release|x64.ActiveCfg = Release|x64
		{C25AF803-EB40-4081-AFB0-27BF2C478842}.Release|x64.Build.0 = Release|x64
		{C25AF803-EB40-4081-AFB0-27BF2C478842}.Release|x86.ActiveCfg = Release|Win32
		{C25AF803-EB40-4081-AFB0-27BF2C478842}.Release|x86.Build.0 = Release|Win32
	EndGlobalSection
	GlobalSection(SolutionProperties) = preSolution
		HideSolutionNode = FALSE
	EndGlobalSection
	GlobalSection(ExtensibilityGlobals) = postSolution
		SolutionGuid = {60034951-7593-4121-B68F-B43DDFDD1F25}
	EndGlobalSection
EndGlobal
