<?xml version="1.0" encoding="utf-8"?>
<Project ToolsVersion="4.0" xmlns="http://schemas.microsoft.com/developer/msbuild/2003">
  <ItemGroup>
    <Filter Include="Source Files">
      <UniqueIdentifier>{4FC737F1-C7A5-4376-A066-2A32D752A2FF}</UniqueIdentifier>
      <Extensions>cpp;c;cc;cxx;c++;cppm;ixx;def;odl;idl;hpj;bat;asm;asmx</Extensions>
    </Filter>
    <Filter Include="Header Files">
      <UniqueIdentifier>{93995380-89BD-4b04-88EB-625FBE52EBFB}</UniqueIdentifier>
      <Extensions>h;hh;hpp;hxx;h++;hm;inl;inc;ipp;xsd</Extensions>
    </Filter>
    <Filter Include="Resource Files">
      <UniqueIdentifier>{67DA6AB6-F800-4c08-8B7A-83BB121AAD01}</UniqueIdentifier>
      <Extensions>rc;ico;cur;bmp;dlg;rc2;rct;bin;rgs;gif;jpg;jpeg;jpe;resx;tiff;tif;png;wav;mfcribbon-ms</Extensions>
    </Filter>
    <Filter Include="Source Files\Tabs">
      <UniqueIdentifier>{6a250cdf-9dd2-4f59-8e92-a198db1c50b4}</UniqueIdentifier>
    </Filter>
    <Filter Include="Source Files\Dlgs">
      <UniqueIdentifier>{079367c8-b6e9-48d4-a787-96041e27e183}</UniqueIdentifier>
    </Filter>
    <Filter Include="Header Files\Tabs">
      <UniqueIdentifier>{f05258f7-f308-4795-9907-0ac94e6d4d96}</UniqueIdentifier>
    </Filter>
    <Filter Include="Header Files\Dlgs">
      <UniqueIdentifier>{0a130207-077d-4cf3-bdfe-32e72ccf5c39}</UniqueIdentifier>
    </Filter>
    <Filter Include="Header Files\Misc">
      <UniqueIdentifier>{6013509f-2a3f-42b7-8b07-befedbc04013}</UniqueIdentifier>
    </Filter>
    <Filter Include="Header Files\MFC">
      <UniqueIdentifier>{cbe8cb62-83a9-48c0-bde0-21092efc1879}</UniqueIdentifier>
    </Filter>
    <Filter Include="Source Files\Misc">
      <UniqueIdentifier>{b8075a96-2f65-4134-b45a-334215756bdb}</UniqueIdentifier>
    </Filter>
    <Filter Include="Source Files\InputDlgs">
      <UniqueIdentifier>{299afd59-76fa-421a-baa6-cf1603197367}</UniqueIdentifier>
    </Filter>
    <Filter Include="Header Files\InputDlgs">
      <UniqueIdentifier>{2e911385-898e-4b3f-9e3e-08e845f96746}</UniqueIdentifier>
    </Filter>
  </ItemGroup>
  <ItemGroup>
    <ClInclude Include="CExportDlg.h">
      <Filter>Header Files\Tabs</Filter>
    </ClInclude>
    <ClInclude Include="CAuthDlg.h">
      <Filter>Header Files\Dlgs</Filter>
    </ClInclude>
    <ClInclude Include="CAboutDlg.h">
      <Filter>Header Files\Dlgs</Filter>
    </ClInclude>
    <ClInclude Include="CCharsetsTab.h">
      <Filter>Header Files\Tabs</Filter>
    </ClInclude>
    <ClInclude Include="CDatabasesTab.h">
      <Filter>Header Files\Tabs</Filter>
    </ClInclude>
    <ClInclude Include="CHomeTab.h">
      <Filter>Header Files\Tabs</Filter>
    </ClInclude>
    <ClInclude Include="CMainDlg.h">
      <Filter>Header Files\Dlgs</Filter>
    </ClInclude>
    <ClInclude Include="CNewDBDlg.h">
      <Filter>Header Files\Dlgs</Filter>
    </ClInclude>
    <ClInclude Include="CProceduresDlg.h">
      <Filter>Header Files\Dlgs</Filter>
    </ClInclude>
    <ClInclude Include="CQueryTab.h">
      <Filter>Header Files\Tabs</Filter>
    </ClInclude>
    <ClInclude Include="CVariablesTab.h">
      <Filter>Header Files\Tabs</Filter>
    </ClInclude>
    <ClInclude Include="CTableCreationDlg.h">
      <Filter>Header Files\Tabs</Filter>
    </ClInclude>
    <ClInclude Include="CDBConnection.h">
      <Filter>Header Files\Misc</Filter>
    </ClInclude>
    <ClInclude Include="CDBInterfaceApp.h">
      <Filter>Header Files\Misc</Filter>
    </ClInclude>
    <ClInclude Include="CLoginDataSave.h">
      <Filter>Header Files\Misc</Filter>
    </ClInclude>
    <ClInclude Include="Convertions.h">
      <Filter>Header Files\Misc</Filter>
    </ClInclude>
    <ClInclude Include="CResultTab.h">
      <Filter>Header Files\Tabs</Filter>
    </ClInclude>
    <ClInclude Include="CTimer.h">
      <Filter>Header Files\Misc</Filter>
    </ClInclude>
    <ClInclude Include="framework.h">
      <Filter>Header Files\MFC</Filter>
    </ClInclude>
    <ClInclude Include="pch.h">
      <Filter>Header Files\MFC</Filter>
    </ClInclude>
    <ClInclude Include="Resource.h">
      <Filter>Header Files\MFC</Filter>
    </ClInclude>
    <ClInclude Include="SendMessagesUtils.h">
      <Filter>Header Files\Misc</Filter>
    </ClInclude>
    <ClInclude Include="SharedFunctions.h">
      <Filter>Header Files\Misc</Filter>
    </ClInclude>
    <ClInclude Include="targetver.h">
      <Filter>Header Files\MFC</Filter>
    </ClInclude>
    <ClInclude Include="Theme.h">
      <Filter>Header Files\Misc</Filter>
    </ClInclude>
    <ClInclude Include="CChangeUserPasswordDlg.h">
      <Filter>Header Files\InputDlgs</Filter>
    </ClInclude>
    <ClInclude Include="Drawer.h">
      <Filter>Header Files\Misc</Filter>
    </ClInclude>
    <ClInclude Include="CMonitorTab.h">
      <Filter>Header Files\Tabs</Filter>
    </ClInclude>
    <ClInclude Include="CEnginesTab.h">
      <Filter>Header Files\Tabs</Filter>
    </ClInclude>
    <ClInclude Include="CPluginsTab.h">
      <Filter>Header Files\Tabs</Filter>
    </ClInclude>
    <ClInclude Include="CStartDlg.h">
      <Filter>Header Files</Filter>
    </ClInclude>
  </ItemGroup>
  <ItemGroup>
    <ClCompile Include="CAboutDlg.cpp">
      <Filter>Source Files\Dlgs</Filter>
    </ClCompile>
    <ClCompile Include="CAuthDlg.cpp">
      <Filter>Source Files\Dlgs</Filter>
    </ClCompile>
    <ClCompile Include="CHomeTab.cpp">
      <Filter>Source Files\Tabs</Filter>
    </ClCompile>
    <ClCompile Include="CDBConnection.cpp">
      <Filter>Source Files\Misc</Filter>
    </ClCompile>
    <ClCompile Include="CLoginDataSave.cpp">
      <Filter>Source Files\Misc</Filter>
    </ClCompile>
    <ClCompile Include="CProceduresDlg.cpp">
      <Filter>Source Files\Dlgs</Filter>
    </ClCompile>
    <ClCompile Include="CResultTab.cpp">
      <Filter>Source Files\Tabs</Filter>
    </ClCompile>
    <ClCompile Include="CQueryTab.cpp">
      <Filter>Source Files\Tabs</Filter>
    </ClCompile>
    <ClCompile Include="CTimer.cpp">
      <Filter>Source Files\Misc</Filter>
    </ClCompile>
    <ClCompile Include="SharedFunctions.cpp">
      <Filter>Source Files\Misc</Filter>
    </ClCompile>
    <ClCompile Include="Convertions.cpp">
      <Filter>Source Files\Misc</Filter>
    </ClCompile>
    <ClCompile Include="pch.cpp">
      <Filter>Source Files\Misc</Filter>
    </ClCompile>
    <ClCompile Include="CExportDlg.cpp">
      <Filter>Source Files\Tabs</Filter>
    </ClCompile>
    <ClCompile Include="CMainDlg.cpp">
      <Filter>Source Files\Dlgs</Filter>
    </ClCompile>
    <ClCompile Include="CVariablesTab.cpp">
      <Filter>Source Files\Tabs</Filter>
    </ClCompile>
    <ClCompile Include="CCharsetsTab.cpp">
      <Filter>Source Files\Tabs</Filter>
    </ClCompile>
    <ClCompile Include="CDatabasesTab.cpp">
      <Filter>Source Files\Tabs</Filter>
    </ClCompile>
    <ClCompile Include="Theme.cpp">
      <Filter>Source Files\Misc</Filter>
    </ClCompile>
    <ClCompile Include="CDBInterfaceApp.cpp">
      <Filter>Source Files\Misc</Filter>
    </ClCompile>
    <ClCompile Include="CTableCreationDlg.cpp">
      <Filter>Source Files\Tabs</Filter>
    </ClCompile>
    <ClCompile Include="CNewDBDlg.cpp">
      <Filter>Source Files\InputDlgs</Filter>
    </ClCompile>
    <ClCompile Include="CChangeUserPasswordDlg.cpp">
      <Filter>Source Files\InputDlgs</Filter>
    </ClCompile>
    <ClCompile Include="CMonitorTab.cpp">
      <Filter>Source Files\Tabs</Filter>
    </ClCompile>
    <ClCompile Include="CEnginesTab.cpp">
      <Filter>Source Files\Tabs</Filter>
    </ClCompile>
    <ClCompile Include="CPluginsTab.cpp">
      <Filter>Source Files\Tabs</Filter>
    </ClCompile>
    <ClCompile Include="CStartDlg.cpp">
      <Filter>Source Files</Filter>
    </ClCompile>
  </ItemGroup>
  <ItemGroup>
    <ResourceCompile Include="MFCDataBaseInterFace.rc">
      <Filter>Resource Files</Filter>
    </ResourceCompile>
  </ItemGroup>
  <ItemGroup>
    <None Include="res\MFCDataBaseInterFace.rc2">
      <Filter>Resource Files</Filter>
    </None>
  </ItemGroup>
  <ItemGroup>
    <Image Include="res\MFCDataBaseInterFace.ico">
      <Filter>Resource Files</Filter>
    </Image>
    <Image Include="C:\Users\mikhail\Desktop\MFCDataBaseInterFace\db_icon.ico">
      <Filter>Resource Files</Filter>
    </Image>
    <Image Include="Pictures\MySQLHOME.png">
      <Filter>Resource Files</Filter>
    </Image>
    <Image Include="Pictures\mysql_logo.png">
      <Filter>Resource Files</Filter>
    </Image>
    <Image Include="Pictures\mysql_logo_white.png">
      <Filter>Resource Files</Filter>
    </Image>
    <Image Include="Pictures\serverIcon(22x22).png">
      <Filter>Resource Files</Filter>
    </Image>
    <Image Include="Pictures\serverIcon(45x45).png">
      <Filter>Resource Files</Filter>
    </Image>
    <Image Include="res\bitmap1.bmp">
      <Filter>Resource Files</Filter>
    </Image>
  </ItemGroup>
</Project>